
Microsoft Visual Studio Solution File, Format Version 12.00
Project("{FAE04EC0-301F-11D3-BF4B-00C04F79EFBC}") = "LecturerBGLauncher", "LecturerBGLauncher\LecturerBGLauncher.csproj", "{AC2088D0-4B9B-4426-AD95-1CC916807203}"
EndProject
Global
	GlobalSection(SolutionConfigurationPlatforms) = preSolution
		Debug|Any CPU = Debug|Any CPU
		Release|Any CPU = Release|Any CPU
	EndGlobalSection
	GlobalSection(ProjectConfigurationPlatforms) = postSolution
		{AC2088D0-4B9B-4426-AD95-1CC916807203}.Debug|Any CPU.ActiveCfg = Debug|Any CPU
		{AC2088D0-4B9B-4426-AD95-1CC916807203}.Debug|Any CPU.Build.0 = Debug|Any CPU
		{AC2088D0-4B9B-4426-AD95-1CC916807203}.Release|Any CPU.ActiveCfg = Release|Any CPU
		{AC2088D0-4B9B-4426-AD95-1CC916807203}.Release|Any CPU.Build.0 = Release|Any CPU
	EndGlobalSection
EndGlobal
